<?xml version="1.0" encoding="utf-8"?>
<Project ToolsVersion="4.0" xmlns="http://schemas.microsoft.com/developer/msbuild/2003">
  <ItemGroup>
    <Filter Include="Source Files">
      <UniqueIdentifier>{5467dd49-ff5e-4be4-93ad-8291721fc00d}</UniqueIdentifier>
      <Extensions>cpp;c;cxx;def;odl;idl;hpj;bat;asm</Extensions>
    </Filter>
    <Filter Include="Resource Files">
      <UniqueIdentifier>{142a5325-573c-4fde-9d8f-af10cb6e28e5}</UniqueIdentifier>
      <Extensions>rc;ico;cur;bmp;dlg;rc2;rct;bin;rgs;gif;jpg;jpeg;jpe</Extensions>
    </Filter>
  </ItemGroup>
  <ItemGroup>
    <ClCompile Include="rdp.c">
      <Filter>Source Files</Filter>
    </ClCompile>
    <ClCompile Include="msg.c">
      <Filter>Source Files</Filter>
    </ClCompile>
    <ClCompile Include="vi.c">
      <Filter>Source Files</Filter>
    </ClCompile>
    <ClCompile Include="rdram.c">
      <Filter>Source Files</Filter>
    </ClCompile>
    <ClCompile Include="parallel.cpp">
      <Filter>Source Files</Filter>
    </ClCompile>
    <ClCompile Include="parallel_c.cpp">
      <Filter>Source Files</Filter>
    </ClCompile>
    <ClCompile Include="core.c">
      <Filter>Source Files</Filter>
    </ClCompile>
    <ClCompile Include="trace_read.c">
      <Filter>Source Files</Filter>
    </ClCompile>
    <ClCompile Include="trace_write.c">
      <Filter>Source Files</Filter>
    </ClCompile>
    <ClCompile Include="file.c">
      <Filter>Source Files</Filter>
    </ClCompile>
    <ClCompile Include="irand.c">
      <Filter>Source Files</Filter>
    </ClCompile>
  </ItemGroup>
  <ItemGroup>
    <ClInclude Include="common.h">
      <Filter>Source Files</Filter>
    </ClInclude>
    <ClInclude Include="parallel.hpp">
      <Filter>Source Files</Filter>
    </ClInclude>
    <ClInclude Include="parallel_c.hpp">
      <Filter>Source Files</Filter>
    </ClInclude>
    <ClInclude Include="rdp.h">
      <Filter>Source Files</Filter>
    </ClInclude>
    <ClInclude Include="rdram.h">
      <Filter>Source Files</Filter>
    </ClInclude>
    <ClInclude Include="vi.h">
      <Filter>Source Files</Filter>
    </ClInclude>
    <ClInclude Include="msg.h">
      <Filter>Source Files</Filter>
    </ClInclude>
    <ClInclude Include="core.h">
      <Filter>Source Files</Filter>
    </ClInclude>
    <ClInclude Include="trace.h">
      <Filter>Source Files</Filter>
    </ClInclude>
    <ClInclude Include="trace_read.h">
      <Filter>Source Files</Filter>
    </ClInclude>
    <ClInclude Include="trace_write.h">
      <Filter>Source Files</Filter>
    </ClInclude>
    <ClInclude Include="file.h">
      <Filter>Source Files</Filter>
    </ClInclude>
    <ClInclude Include="bitmap.h">
      <Filter>Source Files</Filter>
    </ClInclude>
    <ClInclude Include="irand.h" />
  </ItemGroup>
  <ItemGroup>
    <None Include="version.h.in">
      <Filter>Source Files</Filter>
    </None>
  </ItemGroup>
</Project>